
Microsoft Visual Studio Solution File, Format Version 12.00
# Visual Studio Version 16
VisualStudioVersion = 16.0.30413.136
MinimumVisualStudioVersion = 10.0.40219.1
Project("{FAE04EC0-301F-11D3-BF4B-00C04F79EFBC}") = "HR-Management System", "HR-Management System.csproj", "{8E2ED1C2-5230-4574-82F3-5D3F01E0E895}"
EndProject
Global
	GlobalSection(SolutionConfigurationPlatforms) = preSolution
		Debug|Any CPU = Debug|Any CPU
		Release|Any CPU = Release|Any CPU
	EndGlobalSection
	GlobalSection(ProjectConfigurationPlatforms) = postSolution
		{8E2ED1C2-5230-4574-82F3-5D3F01E0E895}.Debug|Any CPU.ActiveCfg = Debug|Any CPU
		{8E2ED1C2-5230-4574-82F3-5D3F01E0E895}.Debug|Any CPU.Build.0 = Debug|Any CPU
		{8E2ED1C2-5230-4574-82F3-5D3F01E0E895}.Release|Any CPU.ActiveCfg = Release|Any CPU
		{8E2ED1C2-5230-4574-82F3-5D3F01E0E895}.Release|Any CPU.Build.0 = Release|Any CPU
	EndGlobalSection
	GlobalSection(SolutionProperties) = preSolution
		HideSolutionNode = FALSE
	EndGlobalSection
	GlobalSection(ExtensibilityGlobals) = postSolution
		SolutionGuid = {5F15F259-8923-4AF8-BA7B-B859518D3FF8}
	EndGlobalSection
EndGlobal
